
Microsoft Visual Studio Solution File, Format Version 12.00
# Visual Studio Version 17
VisualStudioVersion = 17.0.32014.148
MinimumVisualStudioVersion = 10.0.40219.1
Project("{FAE04EC0-301F-11D3-BF4B-00C04F79EFBC}") = "Helperland_integration", "Helperland_integration\Helperland_integration.csproj", "{C86AFC26-E20C-49A0-B9EA-C40DBFEB3597}"
EndProject
Global
	GlobalSection(SolutionConfigurationPlatforms) = preSolution
		Debug|Any CPU = Debug|Any CPU
		Release|Any CPU = Release|Any CPU
	EndGlobalSection
	GlobalSection(ProjectConfigurationPlatforms) = postSolution
		{C86AFC26-E20C-49A0-B9EA-C40DBFEB3597}.Debug|Any CPU.ActiveCfg = Debug|Any CPU
		{C86AFC26-E20C-49A0-B9EA-C40DBFEB3597}.Debug|Any CPU.Build.0 = Debug|Any CPU
		{C86AFC26-E20C-49A0-B9EA-C40DBFEB3597}.Release|Any CPU.ActiveCfg = Release|Any CPU
		{C86AFC26-E20C-49A0-B9EA-C40DBFEB3597}.Release|Any CPU.Build.0 = Release|Any CPU
	EndGlobalSection
	GlobalSection(SolutionProperties) = preSolution
		HideSolutionNode = FALSE
	EndGlobalSection
	GlobalSection(ExtensibilityGlobals) = postSolution
		SolutionGuid = {E72A04CE-A0BF-4B52-809A-A4B05E9FA937}
	EndGlobalSection
EndGlobal
